// !$*UTF8*$!
{
	archiveVersion = 1;
	classes = {
	};
	objectVersion = 77;
	objects = {

/* Begin PBXContainerItemProxy section */
		BA7AFBA92DD73A90005A5ABF /* PBXContainerItemProxy */ = {
			isa = PBXContainerItemProxy;
			containerPortal = BA7AFB922DD73A8F005A5ABF /* Project object */;
			proxyType = 1;
			remoteGlobalIDString = BA7AFB992DD73A8F005A5ABF;
			remoteInfo = Sprinkl;
		};
		BA7AFBB32DD73A90005A5ABF /* PBXContainerItemProxy */ = {
			isa = PBXContainerItemProxy;
			containerPortal = BA7AFB922DD73A8F005A5ABF /* Project object */;
			proxyType = 1;
			remoteGlobalIDString = BA7AFB992DD73A8F005A5ABF;
			remoteInfo = Sprinkl;
		};
/* End PBXContainerItemProxy section */

/* Begin PBXFileReference section */
		BA7AFB9A2DD73A8F005A5ABF /* Sprinkl.app */ = {isa = PBXFileReference; explicitFileType = wrapper.application; includeInIndex = 0; path = Sprinkl.app; sourceTree = BUILT_PRODUCTS_DIR; };
		BA7AFBA82DD73A90005A5ABF /* SprinklTests.xctest */ = {isa = PBXFileReference; explicitFileType = wrapper.cfbundle; includeInIndex = 0; path = SprinklTests.xctest; sourceTree = BUILT_PRODUCTS_DIR; };
		BA7AFBB22DD73A90005A5ABF /* SprinklUITests.xctest */ = {isa = PBXFileReference; explicitFileType = wrapper.cfbundle; includeInIndex = 0; path = SprinklUITests.xctest; sourceTree = BUILT_PRODUCTS_DIR; };
/* End PBXFileReference section */

/* Begin PBXFileSystemSynchronizedRootGroup section */
		BA7AFB9C2DD73A8F005A5ABF /* Sprinkl */ = {
			isa = PBXFileSystemSynchronizedRootGroup;
			path = Sprinkl;
			sourceTree = "<group>";
		};
		BA7AFBAB2DD73A90005A5ABF /* SprinklTests */ = {
			isa = PBXFileSystemSynchronizedRootGroup;
			path = SprinklTests;
			sourceTree = "<group>";
		};
		BA7AFBB52DD73A90005A5ABF /* SprinklUITests */ = {
			isa = PBXFileSystemSynchronizedRootGroup;
			path = SprinklUITests;
			sourceTree = "<group>";
		};
/* End PBXFileSystemSynchronizedRootGroup section */

/* Begin PBXFrameworksBuildPhase section */
		BA7AFB972DD73A8F005A5ABF /* Frameworks */ = {
			isa = PBXFrameworksBuildPhase;
			buildActionMask = 2147483647;
			files = (
			);
			runOnlyForDeploymentPostprocessing = 0;
		};
		BA7AFBA52DD73A90005A5ABF /* Frameworks */ = {
			isa = PBXFrameworksBuildPhase;
			buildActionMask = 2147483647;
			files = (
			);
			runOnlyForDeploymentPostprocessing = 0;
		};
		BA7AFBAF2DD73A90005A5ABF /* Frameworks */ = {
			isa = PBXFrameworksBuildPhase;
			buildActionMask = 2147483647;
			files = (
			);
			runOnlyForDeploymentPostprocessing = 0;
		};
/* End PBXFrameworksBuildPhase section */

/* Begin PBXGroup section */
		BA7AFB912DD73A8F005A5ABF = {
			isa = PBXGroup;
			children = (
				BA7AFB9C2DD73A8F005A5ABF /* Sprinkl */,
				BA7AFBAB2DD73A90005A5ABF /* SprinklTests */,
				BA7AFBB52DD73A90005A5ABF /* SprinklUITests */,
				BA7AFB9B2DD73A8F005A5ABF /* Products */,
			);
			sourceTree = "<group>";
		};
		BA7AFB9B2DD73A8F005A5ABF /* Products */ = {
			isa = PBXGroup;
			children = (
				BA7AFB9A2DD73A8F005A5ABF /* Sprinkl.app */,
				BA7AFBA82DD73A90005A5ABF /* SprinklTests.xctest */,
				BA7AFBB22DD73A90005A5ABF /* SprinklUITests.xctest */,
			);
			name = Products;
			sourceTree = "<group>";
		};
/* End PBXGroup section */

/* Begin PBXNativeTarget section */
		BA7AFB992DD73A8F005A5ABF /* Sprinkl */ = {
			isa = PBXNativeTarget;
			buildConfigurationList = BA7AFBBC2DD73A90005A5ABF /* Build configuration list for PBXNativeTarget "Sprinkl" */;
			buildPhases = (
				BA7AFB962DD73A8F005A5ABF /* Sources */,
				BA7AFB972DD73A8F005A5ABF /* Frameworks */,
				BA7AFB982DD73A8F005A5ABF /* Resources */,
			);
			buildRules = (
			);
			dependencies = (
			);
			fileSystemSynchronizedGroups = (
				BA7AFB9C2DD73A8F005A5ABF /* Sprinkl */,
			);
			name = Sprinkl;
			packageProductDependencies = (
			);
			productName = Sprinkl;
			productReference = BA7AFB9A2DD73A8F005A5ABF /* Sprinkl.app */;
			productType = "com.apple.product-type.application";
		};
		BA7AFBA72DD73A90005A5ABF /* SprinklTests */ = {
			isa = PBXNativeTarget;
			buildConfigurationList = BA7AFBBF2DD73A90005A5ABF /* Build configuration list for PBXNativeTarget "SprinklTests" */;
			buildPhases = (
				BA7AFBA42DD73A90005A5ABF /* Sources */,
				BA7AFBA52DD73A90005A5ABF /* Frameworks */,
				BA7AFBA62DD73A90005A5ABF /* Resources */,
			);
			buildRules = (
			);
			dependencies = (
				BA7AFBAA2DD73A90005A5ABF /* PBXTargetDependency */,
			);
			fileSystemSynchronizedGroups = (
				BA7AFBAB2DD73A90005A5ABF /* SprinklTests */,
			);
			name = SprinklTests;
			packageProductDependencies = (
			);
			productName = SprinklTests;
			productReference = BA7AFBA82DD73A90005A5ABF /* SprinklTests.xctest */;
			productType = "com.apple.product-type.bundle.unit-test";
		};
		BA7AFBB12DD73A90005A5ABF /* SprinklUITests */ = {
			isa = PBXNativeTarget;
			buildConfigurationList = BA7AFBC22DD73A90005A5ABF /* Build configuration list for PBXNativeTarget "SprinklUITests" */;
			buildPhases = (
				BA7AFBAE2DD73A90005A5ABF /* Sources */,
				BA7AFBAF2DD73A90005A5ABF /* Frameworks */,
				BA7AFBB02DD73A90005A5ABF /* Resources */,
			);
			buildRules = (
			);
			dependencies = (
				BA7AFBB42DD73A90005A5ABF /* PBXTargetDependency */,
			);
			fileSystemSynchronizedGroups = (
				BA7AFBB52DD73A90005A5ABF /* SprinklUITests */,
			);
			name = SprinklUITests;
			packageProductDependencies = (
			);
			productName = SprinklUITests;
			productReference = BA7AFBB22DD73A90005A5ABF /* SprinklUITests.xctest */;
			productType = "com.apple.product-type.bundle.ui-testing";
		};
/* End PBXNativeTarget section */

/* Begin PBXProject section */
		BA7AFB922DD73A8F005A5ABF /* Project object */ = {
			isa = PBXProject;
			attributes = {
				BuildIndependentTargetsInParallel = 1;
				LastSwiftUpdateCheck = 1630;
				LastUpgradeCheck = 1630;
				TargetAttributes = {
					BA7AFB992DD73A8F005A5ABF = {
						CreatedOnToolsVersion = 16.3;
					};
					BA7AFBA72DD73A90005A5ABF = {
						CreatedOnToolsVersion = 16.3;
						TestTargetID = BA7AFB992DD73A8F005A5ABF;
					};
					BA7AFBB12DD73A90005A5ABF = {
						CreatedOnToolsVersion = 16.3;
						TestTargetID = BA7AFB992DD73A8F005A5ABF;
					};
				};
			};
			buildConfigurationList = BA7AFB952DD73A8F005A5ABF /* Build configuration list for PBXProject "Sprinkl" */;
			developmentRegion = en;
			hasScannedForEncodings = 0;
			knownRegions = (
				en,
				Base,
			);
			mainGroup = BA7AFB912DD73A8F005A5ABF;
			minimizedProjectReferenceProxies = 1;
			preferredProjectObjectVersion = 77;
			productRefGroup = BA7AFB9B2DD73A8F005A5ABF /* Products */;
			projectDirPath = "";
			projectRoot = "";
			targets = (
				BA7AFB992DD73A8F005A5ABF /* Sprinkl */,
				BA7AFBA72DD73A90005A5ABF /* SprinklTests */,
				BA7AFBB12DD73A90005A5ABF /* SprinklUITests */,
			);
		};
/* End PBXProject section */

/* Begin PBXResourcesBuildPhase section */
		BA7AFB982DD73A8F005A5ABF /* Resources */ = {
			isa = PBXResourcesBuildPhase;
			buildActionMask = 2147483647;
			files = (
			);
			runOnlyForDeploymentPostprocessing = 0;
		};
		BA7AFBA62DD73A90005A5ABF /* Resources */ = {
			isa = PBXResourcesBuildPhase;
			buildActionMask = 2147483647;
			files = (
			);
			runOnlyForDeploymentPostprocessing = 0;
		};
		BA7AFBB02DD73A90005A5ABF /* Resources */ = {
			isa = PBXResourcesBuildPhase;
			buildActionMask = 2147483647;
			files = (
			);
			runOnlyForDeploymentPostprocessing = 0;
		};
/* End PBXResourcesBuildPhase section */

/* Begin PBXSourcesBuildPhase section */
		BA7AFB962DD73A8F005A5ABF /* Sources */ = {
			isa = PBXSourcesBuildPhase;
			buildActionMask = 2147483647;
			files = (
			);
			runOnlyForDeploymentPostprocessing = 0;
		};
		BA7AFBA42DD73A90005A5ABF /* Sources */ = {
			isa = PBXSourcesBuildPhase;
			buildActionMask = 2147483647;
			files = (
			);
			runOnlyForDeploymentPostprocessing = 0;
		};
		BA7AFBAE2DD73A90005A5ABF /* Sources */ = {
			isa = PBXSourcesBuildPhase;
			buildActionMask = 2147483647;
			files = (
			);
			runOnlyForDeploymentPostprocessing = 0;
		};
/* End PBXSourcesBuildPhase section */

/* Begin PBXTargetDependency section */
		BA7AFBAA2DD73A90005A5ABF /* PBXTargetDependency */ = {
			isa = PBXTargetDependency;
			target = BA7AFB992DD73A8F005A5ABF /* Sprinkl */;
			targetProxy = BA7AFBA92DD73A90005A5ABF /* PBXContainerItemProxy */;
		};
		BA7AFBB42DD73A90005A5ABF /* PBXTargetDependency */ = {
			isa = PBXTargetDependency;
			target = BA7AFB992DD73A8F005A5ABF /* Sprinkl */;
			targetProxy = BA7AFBB32DD73A90005A5ABF /* PBXContainerItemProxy */;
		};
/* End PBXTargetDependency section */

/* Begin XCBuildConfiguration section */
		BA7AFBBA2DD73A90005A5ABF /* Debug */ = {
			isa = XCBuildConfiguration;
			buildSettings = {
				ALWAYS_SEARCH_USER_PATHS = NO;
				ASSETCATALOG_COMPILER_GENERATE_SWIFT_ASSET_SYMBOL_EXTENSIONS = YES;
				CLANG_ANALYZER_NONNULL = YES;
				CLANG_ANALYZER_NUMBER_OBJECT_CONVERSION = YES_AGGRESSIVE;
				CLANG_CXX_LANGUAGE_STANDARD = "gnu++20";
				CLANG_ENABLE_MODULES = YES;
				CLANG_ENABLE_OBJC_ARC = YES;
				CLANG_ENABLE_OBJC_WEAK = YES;
				CLANG_WARN_BLOCK_CAPTURE_AUTORELEASING = YES;
				CLANG_WARN_BOOL_CONVERSION = YES;
				CLANG_WARN_COMMA = YES;
				CLANG_WARN_CONSTANT_CONVERSION = YES;
				CLANG_WARN_DEPRECATED_OBJC_IMPLEMENTATIONS = YES;
				CLANG_WARN_DIRECT_OBJC_ISA_USAGE = YES_ERROR;
				CLANG_WARN_DOCUMENTATION_COMMENTS = YES;
				CLANG_WARN_EMPTY_BODY = YES;
				CLANG_WARN_ENUM_CONVERSION = YES;
				CLANG_WARN_INFINITE_RECURSION = YES;
				CLANG_WARN_INT_CONVERSION = YES;
				CLANG_WARN_NON_LITERAL_NULL_CONVERSION = YES;
				CLANG_WARN_OBJC_IMPLICIT_RETAIN_SELF = YES;
				CLANG_WARN_OBJC_LITERAL_CONVERSION = YES;
				CLANG_WARN_OBJC_ROOT_CLASS = YES_ERROR;
				CLANG_WARN_QUOTED_INCLUDE_IN_FRAMEWORK_HEADER = YES;
				CLANG_WARN_RANGE_LOOP_ANALYSIS = YES;
				CLANG_WARN_STRICT_PROTOTYPES = YES;
				CLANG_WARN_SUSPICIOUS_MOVE = YES;
				CLANG_WARN_UNGUARDED_AVAILABILITY = YES_AGGRESSIVE;
				CLANG_WARN_UNREACHABLE_CODE = YES;
				CLANG_WARN__DUPLICATE_METHOD_MATCH = YES;
				COPY_PHASE_STRIP = NO;
				DEBUG_INFORMATION_FORMAT = dwarf;
				DEVELOPMENT_TEAM = Q8PSKCAC25;
				ENABLE_STRICT_OBJC_MSGSEND = YES;
				ENABLE_TESTABILITY = YES;
				ENABLE_USER_SCRIPT_SANDBOXING = YES;
				GCC_C_LANGUAGE_STANDARD = gnu17;
				GCC_DYNAMIC_NO_PIC = NO;
				GCC_NO_COMMON_BLOCKS = YES;
				GCC_OPTIMIZATION_LEVEL = 0;
				GCC_PREPROCESSOR_DEFINITIONS = (
					"DEBUG=1",
					"$(inherited)",
				);
				GCC_WARN_64_TO_32_BIT_CONVERSION = YES;
				GCC_WARN_ABOUT_RETURN_TYPE = YES_ERROR;
				GCC_WARN_UNDECLARED_SELECTOR = YES;
				GCC_WARN_UNINITIALIZED_AUTOS = YES_AGGRESSIVE;
				GCC_WARN_UNUSED_FUNCTION = YES;
				GCC_WARN_UNUSED_VARIABLE = YES;
				LOCALIZATION_PREFERS_STRING_CATALOGS = YES;
				MACOSX_DEPLOYMENT_TARGET = 15.4;
				MTL_ENABLE_DEBUG_INFO = INCLUDE_SOURCE;
				MTL_FAST_MATH = YES;
				ONLY_ACTIVE_ARCH = YES;
				SDKROOT = macosx;
				SWIFT_ACTIVE_COMPILATION_CONDITIONS = "DEBUG $(inherited)";
				SWIFT_OPTIMIZATION_LEVEL = "-Onone";
			};
			name = Debug;
		};
		BA7AFBBB2DD73A90005A5ABF /* Release */ = {
			isa = XCBuildConfiguration;
			buildSettings = {
				ALWAYS_SEARCH_USER_PATHS = NO;
				ASSETCATALOG_COMPILER_GENERATE_SWIFT_ASSET_SYMBOL_EXTENSIONS = YES;
				CLANG_ANALYZER_NONNULL = YES;
				CLANG_ANALYZER_NUMBER_OBJECT_CONVERSION = YES_AGGRESSIVE;
				CLANG_CXX_LANGUAGE_STANDARD = "gnu++20";
				CLANG_ENABLE_MODULES = YES;
				CLANG_ENABLE_OBJC_ARC = YES;
				CLANG_ENABLE_OBJC_WEAK = YES;
				CLANG_WARN_BLOCK_CAPTURE_AUTORELEASING = YES;
				CLANG_WARN_BOOL_CONVERSION = YES;
				CLANG_WARN_COMMA = YES;
				CLANG_WARN_CONSTANT_CONVERSION = YES;
				CLANG_WARN_DEPRECATED_OBJC_IMPLEMENTATIONS = YES;
				CLANG_WARN_DIRECT_OBJC_ISA_USAGE = YES_ERROR;
				CLANG_WARN_DOCUMENTATION_COMMENTS = YES;
				CLANG_WARN_EMPTY_BODY = YES;
				CLANG_WARN_ENUM_CONVERSION = YES;
				CLANG_WARN_INFINITE_RECURSION = YES;
				CLANG_WARN_INT_CONVERSION = YES;
				CLANG_WARN_NON_LITERAL_NULL_CONVERSION = YES;
				CLANG_WARN_OBJC_IMPLICIT_RETAIN_SELF = YES;
				CLANG_WARN_OBJC_LITERAL_CONVERSION = YES;
				CLANG_WARN_OBJC_ROOT_CLASS = YES_ERROR;
				CLANG_WARN_QUOTED_INCLUDE_IN_FRAMEWORK_HEADER = YES;
				CLANG_WARN_RANGE_LOOP_ANALYSIS = YES;
				CLANG_WARN_STRICT_PROTOTYPES = YES;
				CLANG_WARN_SUSPICIOUS_MOVE = YES;
				CLANG_WARN_UNGUARDED_AVAILABILITY = YES_AGGRESSIVE;
				CLANG_WARN_UNREACHABLE_CODE = YES;
				CLANG_WARN__DUPLICATE_METHOD_MATCH = YES;
				COPY_PHASE_STRIP = NO;
				DEBUG_INFORMATION_FORMAT = "dwarf-with-dsym";
				DEVELOPMENT_TEAM = Q8PSKCAC25;
				ENABLE_NS_ASSERTIONS = NO;
				ENABLE_STRICT_OBJC_MSGSEND = YES;
				ENABLE_USER_SCRIPT_SANDBOXING = YES;
				GCC_C_LANGUAGE_STANDARD = gnu17;
				GCC_NO_COMMON_BLOCKS = YES;
				GCC_WARN_64_TO_32_BIT_CONVERSION = YES;
				GCC_WARN_ABOUT_RETURN_TYPE = YES_ERROR;
				GCC_WARN_UNDECLARED_SELECTOR = YES;
				GCC_WARN_UNINITIALIZED_AUTOS = YES_AGGRESSIVE;
				GCC_WARN_UNUSED_FUNCTION = YES;
				GCC_WARN_UNUSED_VARIABLE = YES;
				LOCALIZATION_PREFERS_STRING_CATALOGS = YES;
				MACOSX_DEPLOYMENT_TARGET = 15.4;
				MTL_ENABLE_DEBUG_INFO = NO;
				MTL_FAST_MATH = YES;
				SDKROOT = macosx;
				SWIFT_COMPILATION_MODE = wholemodule;
			};
			name = Release;
		};
		BA7AFBBD2DD73A90005A5ABF /* Debug */ = {
			isa = XCBuildConfiguration;
			buildSettings = {
				ASSETCATALOG_COMPILER_APPICON_NAME = AppIcon;
				ASSETCATALOG_COMPILER_GLOBAL_ACCENT_COLOR_NAME = AccentColor;
				CODE_SIGN_ENTITLEMENTS = Sprinkl/Sprinkl.entitlements;
				CODE_SIGN_STYLE = Automatic;
				COMBINE_HIDPI_IMAGES = YES;
				CURRENT_PROJECT_VERSION = 1;
				DEVELOPMENT_TEAM = Q8PSKCAC25;
				ENABLE_HARDENED_RUNTIME = YES;
				ENABLE_PREVIEWS = YES;
				GENERATE_INFOPLIST_FILE = YES;
				INFOPLIST_KEY_NSHumanReadableCopyright = "";
				LD_RUNPATH_SEARCH_PATHS = (
					"$(inherited)",
					"@executable_path/../Frameworks",
				);
				MARKETING_VERSION = 1.0;
				PRODUCT_BUNDLE_IDENTIFIER = me.lyek.Sprinkl;
				PRODUCT_NAME = "$(TARGET_NAME)";
				REGISTER_APP_GROUPS = YES;
				SWIFT_EMIT_LOC_STRINGS = YES;
				SWIFT_VERSION = 5.0;
			};
			name = Debug;
		};
		BA7AFBBE2DD73A90005A5ABF /* Release */ = {
			isa = XCBuildConfiguration;
			buildSettings = {
				ASSETCATALOG_COMPILER_APPICON_NAME = AppIcon;
				ASSETCATALOG_COMPILER_GLOBAL_ACCENT_COLOR_NAME = AccentColor;
				CODE_SIGN_ENTITLEMENTS = Sprinkl/Sprinkl.entitlements;
				CODE_SIGN_STYLE = Automatic;
				COMBINE_HIDPI_IMAGES = YES;
				CURRENT_PROJECT_VERSION = 1;
				DEVELOPMENT_TEAM = Q8PSKCAC25;
				ENABLE_HARDENED_RUNTIME = YES;
				ENABLE_PREVIEWS = YES;
				GENERATE_INFOPLIST_FILE = YES;
				INFOPLIST_KEY_NSHumanReadableCopyright = "";
				LD_RUNPATH_SEARCH_PATHS = (
					"$(inherited)",
					"@executable_path/../Frameworks",
				);
				MARKETING_VERSION = 1.0;
				PRODUCT_BUNDLE_IDENTIFIER = me.lyek.Sprinkl;
				PRODUCT_NAME = "$(TARGET_NAME)";
				REGISTER_APP_GROUPS = YES;
				SWIFT_EMIT_LOC_STRINGS = YES;
				SWIFT_VERSION = 5.0;
			};
			name = Release;
		};
		BA7AFBC02DD73A90005A5ABF /* Debug */ = {
			isa = XCBuildConfiguration;
			buildSettings = {
				BUNDLE_LOADER = "$(TEST_HOST)";
				CODE_SIGN_STYLE = Automatic;
				CURRENT_PROJECT_VERSION = 1;
				DEVELOPMENT_TEAM = Q8PSKCAC25;
				GENERATE_INFOPLIST_FILE = YES;
				MACOSX_DEPLOYMENT_TARGET = 15.4;
				MARKETING_VERSION = 1.0;
				PRODUCT_BUNDLE_IDENTIFIER = me.lyek.SprinklTests;
				PRODUCT_NAME = "$(TARGET_NAME)";
				SWIFT_EMIT_LOC_STRINGS = NO;
				SWIFT_VERSION = 5.0;
				TEST_HOST = "$(BUILT_PRODUCTS_DIR)/Sprinkl.app/$(BUNDLE_EXECUTABLE_FOLDER_PATH)/Sprinkl";
			};
			name = Debug;
		};
		BA7AFBC12DD73A90005A5ABF /* Release */ = {
			isa = XCBuildConfiguration;
			buildSettings = {
				BUNDLE_LOADER = "$(TEST_HOST)";
				CODE_SIGN_STYLE = Automatic;
				CURRENT_PROJECT_VERSION = 1;
				DEVELOPMENT_TEAM = Q8PSKCAC25;
				GENERATE_INFOPLIST_FILE = YES;
				MACOSX_DEPLOYMENT_TARGET = 15.4;
				MARKETING_VERSION = 1.0;
				PRODUCT_BUNDLE_IDENTIFIER = me.lyek.SprinklTests;
				PRODUCT_NAME = "$(TARGET_NAME)";
				SWIFT_EMIT_LOC_STRINGS = NO;
				SWIFT_VERSION = 5.0;
				TEST_HOST = "$(BUILT_PRODUCTS_DIR)/Sprinkl.app/$(BUNDLE_EXECUTABLE_FOLDER_PATH)/Sprinkl";
			};
			name = Release;
		};
		BA7AFBC32DD73A90005A5ABF /* Debug */ = {
			isa = XCBuildConfiguration;
			buildSettings = {
				CODE_SIGN_STYLE = Automatic;
				CURRENT_PROJECT_VERSION = 1;
				DEVELOPMENT_TEAM = Q8PSKCAC25;
				GENERATE_INFOPLIST_FILE = YES;
				MARKETING_VERSION = 1.0;
				PRODUCT_BUNDLE_IDENTIFIER = me.lyek.SprinklUITests;
				PRODUCT_NAME = "$(TARGET_NAME)";
				SWIFT_EMIT_LOC_STRINGS = NO;
				SWIFT_VERSION = 5.0;
				TEST_TARGET_NAME = Sprinkl;
			};
			name = Debug;
		};
		BA7AFBC42DD73A90005A5ABF /* Release */ = {
			isa = XCBuildConfiguration;
			buildSettings = {
				CODE_SIGN_STYLE = Automatic;
				CURRENT_PROJECT_VERSION = 1;
				DEVELOPMENT_TEAM = Q8PSKCAC25;
				GENERATE_INFOPLIST_FILE = YES;
				MARKETING_VERSION = 1.0;
				PRODUCT_BUNDLE_IDENTIFIER = me.lyek.SprinklUITests;
				PRODUCT_NAME = "$(TARGET_NAME)";
				SWIFT_EMIT_LOC_STRINGS = NO;
				SWIFT_VERSION = 5.0;
				TEST_TARGET_NAME = Sprinkl;
			};
			name = Release;
		};
/* End XCBuildConfiguration section */

/* Begin XCConfigurationList section */
		BA7AFB952DD73A8F005A5ABF /* Build configuration list for PBXProject "Sprinkl" */ = {
			isa = XCConfigurationList;
			buildConfigurations = (
				BA7AFBBA2DD73A90005A5ABF /* Debug */,
				BA7AFBBB2DD73A90005A5ABF /* Release */,
			);
			defaultConfigurationIsVisible = 0;
			defaultConfigurationName = Release;
		};
		BA7AFBBC2DD73A90005A5ABF /* Build configuration list for PBXNativeTarget "Sprinkl" */ = {
			isa = XCConfigurationList;
			buildConfigurations = (
				BA7AFBBD2DD73A90005A5ABF /* Debug */,
				BA7AFBBE2DD73A90005A5ABF /* Release */,
			);
			defaultConfigurationIsVisible = 0;
			defaultConfigurationName = Release;
		};
		BA7AFBBF2DD73A90005A5ABF /* Build configuration list for PBXNativeTarget "SprinklTests" */ = {
			isa = XCConfigurationList;
			buildConfigurations = (
				BA7AFBC02DD73A90005A5ABF /* Debug */,
				BA7AFBC12DD73A90005A5ABF /* Release */,
			);
			defaultConfigurationIsVisible = 0;
			defaultConfigurationName = Release;
		};
		BA7AFBC22DD73A90005A5ABF /* Build configuration list for PBXNativeTarget "SprinklUITests" */ = {
			isa = XCConfigurationList;
			buildConfigurations = (
				BA7AFBC32DD73A90005A5ABF /* Debug */,
				BA7AFBC42DD73A90005A5ABF /* Release */,
			);
			defaultConfigurationIsVisible = 0;
			defaultConfigurationName = Release;
		};
/* End XCConfigurationList section */
	};
	rootObject = BA7AFB922DD73A8F005A5ABF /* Project object */;
}
